
Microsoft Visual Studio Solution File, Format Version 12.00
# Visual Studio 2012
Project("{FAE04EC0-301F-11D3-BF4B-00C04F79EFBC}") = "HHJT.AFC.Framework.UI", "HHJT.AFC.Framework.UI\HHJT.AFC.Framework.UI.csproj", "{FAD1F8B1-C802-4513-9CC5-EC9A8DBA23DE}"
EndProject
Project("{FAE04EC0-301F-11D3-BF4B-00C04F79EFBC}") = "HHJT.AFC.Framework.Skin", "HHJT.AFC.Framework.Skin\HHJT.AFC.Framework.Skin.csproj", "{AF2C8D9E-4D44-4D17-8BDC-D66832DE5837}"
EndProject
Global
	GlobalSection(SolutionConfigurationPlatforms) = preSolution
		Debug|Any CPU = Debug|Any CPU
		Release|Any CPU = Release|Any CPU
	EndGlobalSection
	GlobalSection(ProjectConfigurationPlatforms) = postSolution
		{FAD1F8B1-C802-4513-9CC5-EC9A8DBA23DE}.Debug|Any CPU.ActiveCfg = Debug|Any CPU
		{FAD1F8B1-C802-4513-9CC5-EC9A8DBA23DE}.Debug|Any CPU.Build.0 = Debug|Any CPU
		{FAD1F8B1-C802-4513-9CC5-EC9A8DBA23DE}.Release|Any CPU.ActiveCfg = Release|Any CPU
		{FAD1F8B1-C802-4513-9CC5-EC9A8DBA23DE}.Release|Any CPU.Build.0 = Release|Any CPU
		{AF2C8D9E-4D44-4D17-8BDC-D66832DE5837}.Debug|Any CPU.ActiveCfg = Debug|Any CPU
		{AF2C8D9E-4D44-4D17-8BDC-D66832DE5837}.Debug|Any CPU.Build.0 = Debug|Any CPU
		{AF2C8D9E-4D44-4D17-8BDC-D66832DE5837}.Release|Any CPU.ActiveCfg = Release|Any CPU
		{AF2C8D9E-4D44-4D17-8BDC-D66832DE5837}.Release|Any CPU.Build.0 = Release|Any CPU
	EndGlobalSection
	GlobalSection(SolutionProperties) = preSolution
		HideSolutionNode = FALSE
	EndGlobalSection
EndGlobal
